
Microsoft Visual Studio Solution File, Format Version 12.00
# Visual Studio Version 16
VisualStudioVersion = 16.0.31229.75
MinimumVisualStudioVersion = 10.0.40219.1
Project("{FAE04EC0-301F-11D3-BF4B-00C04F79EFBC}") = "ChatClient", "ChatClient\ChatClient.csproj", "{EFCDB6AE-4563-4FB4-80CA-E9E102F3F713}"
EndProject
Project("{FAE04EC0-301F-11D3-BF4B-00C04F79EFBC}") = "ChatLibrary", "ChatLibrary\ChatLibrary.csproj", "{FBF372EA-34F5-4436-A132-5B38EF01EA22}"
EndProject
Global
	GlobalSection(SolutionConfigurationPlatforms) = preSolution
		Debug|Any CPU = Debug|Any CPU
		Release|Any CPU = Release|Any CPU
	EndGlobalSection
	GlobalSection(ProjectConfigurationPlatforms) = postSolution
		{EFCDB6AE-4563-4FB4-80CA-E9E102F3F713}.Debug|Any CPU.ActiveCfg = Debug|Any CPU
		{EFCDB6AE-4563-4FB4-80CA-E9E102F3F713}.Debug|Any CPU.Build.0 = Debug|Any CPU
		{EFCDB6AE-4563-4FB4-80CA-E9E102F3F713}.Release|Any CPU.ActiveCfg = Release|Any CPU
		{EFCDB6AE-4563-4FB4-80CA-E9E102F3F713}.Release|Any CPU.Build.0 = Release|Any CPU
		{FBF372EA-34F5-4436-A132-5B38EF01EA22}.Debug|Any CPU.ActiveCfg = Debug|Any CPU
		{FBF372EA-34F5-4436-A132-5B38EF01EA22}.Debug|Any CPU.Build.0 = Debug|Any CPU
		{FBF372EA-34F5-4436-A132-5B38EF01EA22}.Release|Any CPU.ActiveCfg = Release|Any CPU
		{FBF372EA-34F5-4436-A132-5B38EF01EA22}.Release|Any CPU.Build.0 = Release|Any CPU
	EndGlobalSection
	GlobalSection(SolutionProperties) = preSolution
		HideSolutionNode = FALSE
	EndGlobalSection
	GlobalSection(ExtensibilityGlobals) = postSolution
		SolutionGuid = {1088FD04-BB0D-402C-B2DA-F3D078755D80}
	EndGlobalSection
EndGlobal
